
Microsoft Visual Studio Solution File, Format Version 12.00
# Visual Studio Version 17
VisualStudioVersion = 17.2.32616.157
MinimumVisualStudioVersion = 10.0.40219.1
Project("{9A19103F-16F7-4668-BE54-9A1E7A4F7556}") = "Entitities", "Entitities\Entitities.csproj", "{64943B07-3E0D-4B48-8C71-EBFBDC28FE77}"
EndProject
Project("{2150E333-8FDC-42A3-9474-1A3956D46DE8}") = "1-Apis", "1-Apis", "{CDA9FA67-793F-43B5-ABDA-AB16ACEE7B94}"
EndProject
Project("{2150E333-8FDC-42A3-9474-1A3956D46DE8}") = "2-Domain", "2-Domain", "{4A5E2D51-7053-48DB-BBEB-16A73C4559B5}"
EndProject
Project("{2150E333-8FDC-42A3-9474-1A3956D46DE8}") = "4-Infra", "4-Infra", "{66EABB43-10F5-4A18-BD46-F138E1FD3814}"
EndProject
Project("{2150E333-8FDC-42A3-9474-1A3956D46DE8}") = "5-Tests", "5-Tests", "{FD548A9E-592C-4AA6-91E1-458A96659FAC}"
EndProject
Project("{2150E333-8FDC-42A3-9474-1A3956D46DE8}") = "3-Entities", "3-Entities", "{6240B820-248A-4401-B838-2EB09A830C3D}"
EndProject
Project("{9A19103F-16F7-4668-BE54-9A1E7A4F7556}") = "Infra", "MyWebApp.Infra\Infra.csproj", "{3BD350A3-8699-4824-A741-5EDAA957D070}"
EndProject
Project("{9A19103F-16F7-4668-BE54-9A1E7A4F7556}") = "Domain", "MyWebApp.Domain\Domain.csproj", "{35B75184-410C-4A89-B70E-76FCF0B1A4E8}"
EndProject
Global
	GlobalSection(SolutionConfigurationPlatforms) = preSolution
		Debug|Any CPU = Debug|Any CPU
		Release|Any CPU = Release|Any CPU
	EndGlobalSection
	GlobalSection(ProjectConfigurationPlatforms) = postSolution
		{64943B07-3E0D-4B48-8C71-EBFBDC28FE77}.Debug|Any CPU.ActiveCfg = Debug|Any CPU
		{64943B07-3E0D-4B48-8C71-EBFBDC28FE77}.Debug|Any CPU.Build.0 = Debug|Any CPU
		{64943B07-3E0D-4B48-8C71-EBFBDC28FE77}.Release|Any CPU.ActiveCfg = Release|Any CPU
		{64943B07-3E0D-4B48-8C71-EBFBDC28FE77}.Release|Any CPU.Build.0 = Release|Any CPU
		{3BD350A3-8699-4824-A741-5EDAA957D070}.Debug|Any CPU.ActiveCfg = Debug|Any CPU
		{3BD350A3-8699-4824-A741-5EDAA957D070}.Debug|Any CPU.Build.0 = Debug|Any CPU
		{3BD350A3-8699-4824-A741-5EDAA957D070}.Release|Any CPU.ActiveCfg = Release|Any CPU
		{3BD350A3-8699-4824-A741-5EDAA957D070}.Release|Any CPU.Build.0 = Release|Any CPU
		{35B75184-410C-4A89-B70E-76FCF0B1A4E8}.Debug|Any CPU.ActiveCfg = Debug|Any CPU
		{35B75184-410C-4A89-B70E-76FCF0B1A4E8}.Debug|Any CPU.Build.0 = Debug|Any CPU
		{35B75184-410C-4A89-B70E-76FCF0B1A4E8}.Release|Any CPU.ActiveCfg = Release|Any CPU
		{35B75184-410C-4A89-B70E-76FCF0B1A4E8}.Release|Any CPU.Build.0 = Release|Any CPU
	EndGlobalSection
	GlobalSection(SolutionProperties) = preSolution
		HideSolutionNode = FALSE
	EndGlobalSection
	GlobalSection(NestedProjects) = preSolution
		{64943B07-3E0D-4B48-8C71-EBFBDC28FE77} = {6240B820-248A-4401-B838-2EB09A830C3D}
		{3BD350A3-8699-4824-A741-5EDAA957D070} = {66EABB43-10F5-4A18-BD46-F138E1FD3814}
		{35B75184-410C-4A89-B70E-76FCF0B1A4E8} = {4A5E2D51-7053-48DB-BBEB-16A73C4559B5}
	EndGlobalSection
	GlobalSection(ExtensibilityGlobals) = postSolution
		SolutionGuid = {F4ADB9F6-DF93-4DEF-B1C3-EA8E16E8F5CD}
	EndGlobalSection
EndGlobal
